
Microsoft Visual Studio Solution File, Format Version 12.00
# Visual Studio 15
VisualStudioVersion = 15.0.28307.645
MinimumVisualStudioVersion = 10.0.40219.1
Project("{FAE04EC0-301F-11D3-BF4B-00C04F79EFBC}") = "01_FormDialogue", "01_FormDialogue\01_FormDialogue.csproj", "{3F254290-CD12-409C-B21E-11F01CE0A054}"
EndProject
Project("{FAE04EC0-301F-11D3-BF4B-00C04F79EFBC}") = "02_ChildForm", "02_ChildForm\02_ChildForm.csproj", "{E0B6FF68-FDE4-4A7D-81A6-AA764D739CCA}"
EndProject
Global
	GlobalSection(SolutionConfigurationPlatforms) = preSolution
		Debug|Any CPU = Debug|Any CPU
		Release|Any CPU = Release|Any CPU
	EndGlobalSection
	GlobalSection(ProjectConfigurationPlatforms) = postSolution
		{3F254290-CD12-409C-B21E-11F01CE0A054}.Debug|Any CPU.ActiveCfg = Debug|Any CPU
		{3F254290-CD12-409C-B21E-11F01CE0A054}.Debug|Any CPU.Build.0 = Debug|Any CPU
		{3F254290-CD12-409C-B21E-11F01CE0A054}.Release|Any CPU.ActiveCfg = Release|Any CPU
		{3F254290-CD12-409C-B21E-11F01CE0A054}.Release|Any CPU.Build.0 = Release|Any CPU
		{E0B6FF68-FDE4-4A7D-81A6-AA764D739CCA}.Debug|Any CPU.ActiveCfg = Debug|Any CPU
		{E0B6FF68-FDE4-4A7D-81A6-AA764D739CCA}.Debug|Any CPU.Build.0 = Debug|Any CPU
		{E0B6FF68-FDE4-4A7D-81A6-AA764D739CCA}.Release|Any CPU.ActiveCfg = Release|Any CPU
		{E0B6FF68-FDE4-4A7D-81A6-AA764D739CCA}.Release|Any CPU.Build.0 = Release|Any CPU
	EndGlobalSection
	GlobalSection(SolutionProperties) = preSolution
		HideSolutionNode = FALSE
	EndGlobalSection
	GlobalSection(ExtensibilityGlobals) = postSolution
		SolutionGuid = {45E6EDB3-90CB-4518-BD2F-B65CD5CBF5DB}
	EndGlobalSection
EndGlobal
