
Microsoft Visual Studio Solution File, Format Version 12.00
# Visual Studio 15
VisualStudioVersion = 15.0.28307.645
MinimumVisualStudioVersion = 10.0.40219.1
Project("{FAE04EC0-301F-11D3-BF4B-00C04F79EFBC}") = "01_ListBox", "01_ListBox\01_ListBox.csproj", "{3033821E-38C0-4484-9648-C0A146541944}"
EndProject
Project("{FAE04EC0-301F-11D3-BF4B-00C04F79EFBC}") = "02_dateTimePicker_TrackBar", "02_dateTimePicker_TrackBar\02_dateTimePicker_TrackBar.csproj", "{45DEF19A-4038-43D1-A61D-B189123BBF20}"
EndProject
Project("{FAE04EC0-301F-11D3-BF4B-00C04F79EFBC}") = "03_CheckedListBox", "CheckedListBox\03_CheckedListBox.csproj", "{90C84040-09F0-4D98-A4F3-42035157C311}"
EndProject
Project("{FAE04EC0-301F-11D3-BF4B-00C04F79EFBC}") = "04_ComboBox", "04_ComboBox\04_ComboBox.csproj", "{72279D82-8F2F-4D95-BC75-85E11269CB62}"
EndProject
Project("{FAE04EC0-301F-11D3-BF4B-00C04F79EFBC}") = "05_FileDialogs", "05_FileDialogs\05_FileDialogs.csproj", "{B553FE3D-D238-4CE4-BABD-0F6CDA144771}"
EndProject
Global
	GlobalSection(SolutionConfigurationPlatforms) = preSolution
		Debug|Any CPU = Debug|Any CPU
		Release|Any CPU = Release|Any CPU
	EndGlobalSection
	GlobalSection(ProjectConfigurationPlatforms) = postSolution
		{3033821E-38C0-4484-9648-C0A146541944}.Debug|Any CPU.ActiveCfg = Debug|Any CPU
		{3033821E-38C0-4484-9648-C0A146541944}.Debug|Any CPU.Build.0 = Debug|Any CPU
		{3033821E-38C0-4484-9648-C0A146541944}.Release|Any CPU.ActiveCfg = Release|Any CPU
		{3033821E-38C0-4484-9648-C0A146541944}.Release|Any CPU.Build.0 = Release|Any CPU
		{45DEF19A-4038-43D1-A61D-B189123BBF20}.Debug|Any CPU.ActiveCfg = Debug|Any CPU
		{45DEF19A-4038-43D1-A61D-B189123BBF20}.Debug|Any CPU.Build.0 = Debug|Any CPU
		{45DEF19A-4038-43D1-A61D-B189123BBF20}.Release|Any CPU.ActiveCfg = Release|Any CPU
		{45DEF19A-4038-43D1-A61D-B189123BBF20}.Release|Any CPU.Build.0 = Release|Any CPU
		{90C84040-09F0-4D98-A4F3-42035157C311}.Debug|Any CPU.ActiveCfg = Debug|Any CPU
		{90C84040-09F0-4D98-A4F3-42035157C311}.Debug|Any CPU.Build.0 = Debug|Any CPU
		{90C84040-09F0-4D98-A4F3-42035157C311}.Release|Any CPU.ActiveCfg = Release|Any CPU
		{90C84040-09F0-4D98-A4F3-42035157C311}.Release|Any CPU.Build.0 = Release|Any CPU
		{72279D82-8F2F-4D95-BC75-85E11269CB62}.Debug|Any CPU.ActiveCfg = Debug|Any CPU
		{72279D82-8F2F-4D95-BC75-85E11269CB62}.Debug|Any CPU.Build.0 = Debug|Any CPU
		{72279D82-8F2F-4D95-BC75-85E11269CB62}.Release|Any CPU.ActiveCfg = Release|Any CPU
		{72279D82-8F2F-4D95-BC75-85E11269CB62}.Release|Any CPU.Build.0 = Release|Any CPU
		{B553FE3D-D238-4CE4-BABD-0F6CDA144771}.Debug|Any CPU.ActiveCfg = Debug|Any CPU
		{B553FE3D-D238-4CE4-BABD-0F6CDA144771}.Debug|Any CPU.Build.0 = Debug|Any CPU
		{B553FE3D-D238-4CE4-BABD-0F6CDA144771}.Release|Any CPU.ActiveCfg = Release|Any CPU
		{B553FE3D-D238-4CE4-BABD-0F6CDA144771}.Release|Any CPU.Build.0 = Release|Any CPU
	EndGlobalSection
	GlobalSection(SolutionProperties) = preSolution
		HideSolutionNode = FALSE
	EndGlobalSection
	GlobalSection(ExtensibilityGlobals) = postSolution
		SolutionGuid = {A1D522E1-4E04-42F8-B55F-35DB307DE204}
	EndGlobalSection
EndGlobal
